
Microsoft Visual Studio Solution File, Format Version 12.00
# Visual Studio Version 17
VisualStudioVersion = 17.7.34221.43
MinimumVisualStudioVersion = 10.0.40219.1
Project("{FAE04EC0-301F-11D3-BF4B-00C04F79EFBC}") = "ECommerce.Api.Products", "ECommerce.Api.Products\ECommerce.Api.Products.csproj", "{D493D432-DC96-4E1B-9191-EE21A68D2227}"
EndProject
Project("{FAE04EC0-301F-11D3-BF4B-00C04F79EFBC}") = "ECommerce.Api.Customers", "ECommerce.Api.Customers\ECommerce.Api.Customers.csproj", "{1609A65E-A109-4AFC-B5ED-CC4232F5D8B7}"
EndProject
Project("{FAE04EC0-301F-11D3-BF4B-00C04F79EFBC}") = "ECommerce.Api.Search", "ECommerce.Api.Search\ECommerce.Api.Search.csproj", "{A5BA2BC0-BD01-49A7-83B7-1BDC11BD3A94}"
EndProject
Project("{FAE04EC0-301F-11D3-BF4B-00C04F79EFBC}") = "ECommerce.Api.Products.Tests", "ECommerce.Api.Products.Tests\ECommerce.Api.Products.Tests.csproj", "{4BAFD31D-5D06-4A69-B0C4-D88D92124ECC}"
EndProject
Project("{FAE04EC0-301F-11D3-BF4B-00C04F79EFBC}") = "ECommerce.Api.Orders", "ECommerce.Api.Orders\ECommerce.Api.Orders.csproj", "{6EAC2D38-AEC6-4EBA-92D9-731FD6F78314}"
EndProject
Global
	GlobalSection(SolutionConfigurationPlatforms) = preSolution
		Debug|Any CPU = Debug|Any CPU
		Release|Any CPU = Release|Any CPU
	EndGlobalSection
	GlobalSection(ProjectConfigurationPlatforms) = postSolution
		{D493D432-DC96-4E1B-9191-EE21A68D2227}.Debug|Any CPU.ActiveCfg = Debug|Any CPU
		{D493D432-DC96-4E1B-9191-EE21A68D2227}.Debug|Any CPU.Build.0 = Debug|Any CPU
		{D493D432-DC96-4E1B-9191-EE21A68D2227}.Release|Any CPU.ActiveCfg = Release|Any CPU
		{D493D432-DC96-4E1B-9191-EE21A68D2227}.Release|Any CPU.Build.0 = Release|Any CPU
		{1609A65E-A109-4AFC-B5ED-CC4232F5D8B7}.Debug|Any CPU.ActiveCfg = Debug|Any CPU
		{1609A65E-A109-4AFC-B5ED-CC4232F5D8B7}.Debug|Any CPU.Build.0 = Debug|Any CPU
		{1609A65E-A109-4AFC-B5ED-CC4232F5D8B7}.Release|Any CPU.ActiveCfg = Release|Any CPU
		{1609A65E-A109-4AFC-B5ED-CC4232F5D8B7}.Release|Any CPU.Build.0 = Release|Any CPU
		{A5BA2BC0-BD01-49A7-83B7-1BDC11BD3A94}.Debug|Any CPU.ActiveCfg = Debug|Any CPU
		{A5BA2BC0-BD01-49A7-83B7-1BDC11BD3A94}.Debug|Any CPU.Build.0 = Debug|Any CPU
		{A5BA2BC0-BD01-49A7-83B7-1BDC11BD3A94}.Release|Any CPU.ActiveCfg = Release|Any CPU
		{A5BA2BC0-BD01-49A7-83B7-1BDC11BD3A94}.Release|Any CPU.Build.0 = Release|Any CPU
		{4BAFD31D-5D06-4A69-B0C4-D88D92124ECC}.Debug|Any CPU.ActiveCfg = Debug|Any CPU
		{4BAFD31D-5D06-4A69-B0C4-D88D92124ECC}.Debug|Any CPU.Build.0 = Debug|Any CPU
		{4BAFD31D-5D06-4A69-B0C4-D88D92124ECC}.Release|Any CPU.ActiveCfg = Release|Any CPU
		{4BAFD31D-5D06-4A69-B0C4-D88D92124ECC}.Release|Any CPU.Build.0 = Release|Any CPU
		{6EAC2D38-AEC6-4EBA-92D9-731FD6F78314}.Debug|Any CPU.ActiveCfg = Debug|Any CPU
		{6EAC2D38-AEC6-4EBA-92D9-731FD6F78314}.Debug|Any CPU.Build.0 = Debug|Any CPU
		{6EAC2D38-AEC6-4EBA-92D9-731FD6F78314}.Release|Any CPU.ActiveCfg = Release|Any CPU
		{6EAC2D38-AEC6-4EBA-92D9-731FD6F78314}.Release|Any CPU.Build.0 = Release|Any CPU
	EndGlobalSection
	GlobalSection(SolutionProperties) = preSolution
		HideSolutionNode = FALSE
	EndGlobalSection
	GlobalSection(ExtensibilityGlobals) = postSolution
		SolutionGuid = {0F5EDA11-4A41-4C33-80A1-AFB57BF1C1CB}
	EndGlobalSection
EndGlobal
